Microsoft Visual Studio Solution File, Format Version 12.00
# Visual Studio Version 17
VisualStudioVersion = 17.13.35818.85
MinimumVisualStudioVersion = 10.0.40219.1
Project("{FAE04EC0-301F-11D3-BF4B-00C04F79EFBC}") = "CSC202FinalProject", "CSC202FinalProject.csproj", "{F245DDB6-E4F5-4B59-8482-B1068C5DCBE2}"
EndProject
Global
	GlobalSection(SolutionConfigurationPlatforms) = preSolution
		Debug|Any CPU = Debug|Any CPU
		Release|Any CPU = Release|Any CPU
	EndGlobalSection
	GlobalSection(ProjectConfigurationPlatforms) = postSolution
		{F245DDB6-E4F5-4B59-8482-B1068C5DCBE2}.Debug|Any CPU.ActiveCfg = Debug|Any CPU
		{F245DDB6-E4F5-4B59-8482-B1068C5DCBE2}.Debug|Any CPU.Build.0 = Debug|Any CPU
		{F245DDB6-E4F5-4B59-8482-B1068C5DCBE2}.Release|Any CPU.ActiveCfg = Release|Any CPU
		{F245DDB6-E4F5-4B59-8482-B1068C5DCBE2}.Release|Any CPU.Build.0 = Release|Any CPU
	EndGlobalSection
	GlobalSection(SolutionProperties) = preSolution
		HideSolutionNode = FALSE
	EndGlobalSection
	GlobalSection(ExtensibilityGlobals) = postSolution
		SolutionGuid = {DA1E550B-932D-4E21-AAA4-B8D60C5E1B8A}
	EndGlobalSection
EndGlobal
